
Microsoft Visual Studio Solution File, Format Version 12.00
# Visual Studio Version 17
VisualStudioVersion = 17.14.36804.6
MinimumVisualStudioVersion = 10.0.40219.1
Project("{FAE04EC0-301F-11D3-BF4B-00C04F79EFBC}") = "Muso_GUI", "Muso_GUI\Muso_GUI.csproj", "{44E0017A-7922-4B83-844C-BF593DF60A6C}"
EndProject
Project("{2150E333-8FDC-42A3-9474-1A3956D46DE8}") = "Projektmappenelemente", "Projektmappenelemente", "{84D27F74-D2BA-6C25-2661-968F101900D9}"
	ProjectSection(SolutionItems) = preProject
		.gitignore = .gitignore
	EndProjectSection
EndProject
Global
	GlobalSection(SolutionConfigurationPlatforms) = preSolution
		Debug|Any CPU = Debug|Any CPU
		Release|Any CPU = Release|Any CPU
	EndGlobalSection
	GlobalSection(ProjectConfigurationPlatforms) = postSolution
		{44E0017A-7922-4B83-844C-BF593DF60A6C}.Debug|Any CPU.ActiveCfg = Debug|Any CPU
		{44E0017A-7922-4B83-844C-BF593DF60A6C}.Debug|Any CPU.Build.0 = Debug|Any CPU
		{44E0017A-7922-4B83-844C-BF593DF60A6C}.Release|Any CPU.ActiveCfg = Release|Any CPU
		{44E0017A-7922-4B83-844C-BF593DF60A6C}.Release|Any CPU.Build.0 = Release|Any CPU
	EndGlobalSection
	GlobalSection(SolutionProperties) = preSolution
		HideSolutionNode = FALSE
	EndGlobalSection
	GlobalSection(ExtensibilityGlobals) = postSolution
		SolutionGuid = {170D7C76-17CD-4819-99EF-FB2D89E21423}
	EndGlobalSection
EndGlobal
